
Microsoft Visual Studio Solution File, Format Version 12.00
# Visual Studio 15
VisualStudioVersion = 15.0.27004.2000
MinimumVisualStudioVersion = 10.0.40219.1
Project("{9A19103F-16F7-4668-BE54-9A1E7A4F7556}") = "Web", "Web.csproj", "{88A22004-EA5F-4DE6-9964-A4A434139677}"
EndProject
Global
	GlobalSection(SolutionConfigurationPlatforms) = preSolution
		Debug|Any CPU = Debug|Any CPU
		Release|Any CPU = Release|Any CPU
	EndGlobalSection
	GlobalSection(ProjectConfigurationPlatforms) = postSolution
		{88A22004-EA5F-4DE6-9964-A4A434139677}.Debug|Any CPU.ActiveCfg = Debug|Any CPU
		{88A22004-EA5F-4DE6-9964-A4A434139677}.Debug|Any CPU.Build.0 = Debug|Any CPU
		{88A22004-EA5F-4DE6-9964-A4A434139677}.Release|Any CPU.ActiveCfg = Release|Any CPU
		{88A22004-EA5F-4DE6-9964-A4A434139677}.Release|Any CPU.Build.0 = Release|Any CPU
	EndGlobalSection
	GlobalSection(SolutionProperties) = preSolution
		HideSolutionNode = FALSE
	EndGlobalSection
	GlobalSection(ExtensibilityGlobals) = postSolution
		SolutionGuid = {80B3F56A-C25F-45D2-BC40-19FF01EA0D7E}
	EndGlobalSection
EndGlobal
