
Microsoft Visual Studio Solution File, Format Version 12.00
# Visual Studio 15
VisualStudioVersion = 15.0.27004.2002
MinimumVisualStudioVersion = 10.0.40219.1
Project("{9A19103F-16F7-4668-BE54-9A1E7A4F7556}") = "Receiver", "Receiver\Receiver.csproj", "{A6A39159-AC06-4FE8-B6AD-FBFA55921BF2}"
EndProject
Project("{FAE04EC0-301F-11D3-BF4B-00C04F79EFBC}") = "Receiver.Tests", "Receiver.Tests\Receiver.Tests.csproj", "{4DEAB851-13DB-4EF9-AC91-563BDBCDF5A2}"
EndProject
Global
	GlobalSection(SolutionConfigurationPlatforms) = preSolution
		Debug|Any CPU = Debug|Any CPU
		Release|Any CPU = Release|Any CPU
	EndGlobalSection
	GlobalSection(ProjectConfigurationPlatforms) = postSolution
		{A6A39159-AC06-4FE8-B6AD-FBFA55921BF2}.Debug|Any CPU.ActiveCfg = Debug|Any CPU
		{A6A39159-AC06-4FE8-B6AD-FBFA55921BF2}.Debug|Any CPU.Build.0 = Debug|Any CPU
		{A6A39159-AC06-4FE8-B6AD-FBFA55921BF2}.Release|Any CPU.ActiveCfg = Release|Any CPU
		{A6A39159-AC06-4FE8-B6AD-FBFA55921BF2}.Release|Any CPU.Build.0 = Release|Any CPU
		{4DEAB851-13DB-4EF9-AC91-563BDBCDF5A2}.Debug|Any CPU.ActiveCfg = Debug|Any CPU
		{4DEAB851-13DB-4EF9-AC91-563BDBCDF5A2}.Debug|Any CPU.Build.0 = Debug|Any CPU
		{4DEAB851-13DB-4EF9-AC91-563BDBCDF5A2}.Release|Any CPU.ActiveCfg = Release|Any CPU
		{4DEAB851-13DB-4EF9-AC91-563BDBCDF5A2}.Release|Any CPU.Build.0 = Release|Any CPU
	EndGlobalSection
	GlobalSection(SolutionProperties) = preSolution
		HideSolutionNode = FALSE
	EndGlobalSection
	GlobalSection(ExtensibilityGlobals) = postSolution
		SolutionGuid = {525BF151-1B94-4C3F-BD83-1366D7EBA080}
	EndGlobalSection
EndGlobal
